{
  "requires": true,
  "lockfileVersion": 1,
  "dependencies": {
    "@devexpress/dx-core": {
      "version": "2.7.5",
      "resolved": "https://registry.npmjs.org/@devexpress/dx-core/-/dx-core-2.7.5.tgz",
      "integrity": "sha512-VQQkz0uUqQ7YuVZeBEx1JFqpSSe5Bz9Qy2T0XAbilBQ8IItj74xjzaFMCNjuASAKXOJGtG0RUh+BOKrMGV7jlg=="
    }
  }
}
